
Microsoft Visual Studio Solution File, Format Version 12.00
# Visual Studio 15
VisualStudioVersion = 15.0.26124.0
MinimumVisualStudioVersion = 15.0.26124.0
Project("{2150E333-8FDC-42A3-9474-1A3956D46DE8}") = "src", "src", "{7005F387-A2ED-42B0-8CE1-41639A6D1E51}"
EndProject
Project("{FAE04EC0-301F-11D3-BF4B-00C04F79EFBC}") = "Microsoft.Azure.WebJobs.Extensions.SignalRService", "src\SignalRServiceExtension\Microsoft.Azure.WebJobs.Extensions.SignalRService.csproj", "{27EBF417-718B-40A2-808B-EF6538AEEDC7}"
EndProject
Project("{2150E333-8FDC-42A3-9474-1A3956D46DE8}") = "test", "test", "{D6082274-DF4A-455D-9EF3-090C74BC96A1}"
EndProject
Project("{FAE04EC0-301F-11D3-BF4B-00C04F79EFBC}") = "SignalRServiceExtension.Tests", "test\SignalRServiceExtension.Tests\SignalRServiceExtension.Tests.csproj", "{CFFE1AEB-0D5A-458E-AA45-8F312B1F37F3}"
EndProject
Global
	GlobalSection(SolutionConfigurationPlatforms) = preSolution
		Debug|Any CPU = Debug|Any CPU
		Debug|x64 = Debug|x64
		Debug|x86 = Debug|x86
		Release|Any CPU = Release|Any CPU
		Release|x64 = Release|x64
		Release|x86 = Release|x86
	EndGlobalSection
	GlobalSection(SolutionProperties) = preSolution
		HideSolutionNode = FALSE
	EndGlobalSection
	GlobalSection(ProjectConfigurationPlatforms) = postSolution
		{27EBF417-718B-40A2-808B-EF6538AEEDC7}.Debug|Any CPU.ActiveCfg = Debug|Any CPU
		{27EBF417-718B-40A2-808B-EF6538AEEDC7}.Debug|Any CPU.Build.0 = Debug|Any CPU
		{27EBF417-718B-40A2-808B-EF6538AEEDC7}.Debug|x64.ActiveCfg = Debug|Any CPU
		{27EBF417-718B-40A2-808B-EF6538AEEDC7}.Debug|x64.Build.0 = Debug|Any CPU
		{27EBF417-718B-40A2-808B-EF6538AEEDC7}.Debug|x86.ActiveCfg = Debug|Any CPU
		{27EBF417-718B-40A2-808B-EF6538AEEDC7}.Debug|x86.Build.0 = Debug|Any CPU
		{27EBF417-718B-40A2-808B-EF6538AEEDC7}.Release|Any CPU.ActiveCfg = Release|Any CPU
		{27EBF417-718B-40A2-808B-EF6538AEEDC7}.Release|Any CPU.Build.0 = Release|Any CPU
		{27EBF417-718B-40A2-808B-EF6538AEEDC7}.Release|x64.ActiveCfg = Release|Any CPU
		{27EBF417-718B-40A2-808B-EF6538AEEDC7}.Release|x64.Build.0 = Release|Any CPU
		{27EBF417-718B-40A2-808B-EF6538AEEDC7}.Release|x86.ActiveCfg = Release|Any CPU
		{27EBF417-718B-40A2-808B-EF6538AEEDC7}.Release|x86.Build.0 = Release|Any CPU
		{CFFE1AEB-0D5A-458E-AA45-8F312B1F37F3}.Debug|Any CPU.ActiveCfg = Debug|Any CPU
		{CFFE1AEB-0D5A-458E-AA45-8F312B1F37F3}.Debug|Any CPU.Build.0 = Debug|Any CPU
		{CFFE1AEB-0D5A-458E-AA45-8F312B1F37F3}.Debug|x64.ActiveCfg = Debug|Any CPU
		{CFFE1AEB-0D5A-458E-AA45-8F312B1F37F3}.Debug|x64.Build.0 = Debug|Any CPU
		{CFFE1AEB-0D5A-458E-AA45-8F312B1F37F3}.Debug|x86.ActiveCfg = Debug|Any CPU
		{CFFE1AEB-0D5A-458E-AA45-8F312B1F37F3}.Debug|x86.Build.0 = Debug|Any CPU
		{CFFE1AEB-0D5A-458E-AA45-8F312B1F37F3}.Release|Any CPU.ActiveCfg = Release|Any CPU
		{CFFE1AEB-0D5A-458E-AA45-8F312B1F37F3}.Release|Any CPU.Build.0 = Release|Any CPU
		{CFFE1AEB-0D5A-458E-AA45-8F312B1F37F3}.Release|x64.ActiveCfg = Release|Any CPU
		{CFFE1AEB-0D5A-458E-AA45-8F312B1F37F3}.Release|x64.Build.0 = Release|Any CPU
		{CFFE1AEB-0D5A-458E-AA45-8F312B1F37F3}.Release|x86.ActiveCfg = Release|Any CPU
		{CFFE1AEB-0D5A-458E-AA45-8F312B1F37F3}.Release|x86.Build.0 = Release|Any CPU
	EndGlobalSection
	GlobalSection(NestedProjects) = preSolution
		{27EBF417-718B-40A2-808B-EF6538AEEDC7} = {7005F387-A2ED-42B0-8CE1-41639A6D1E51}
		{CFFE1AEB-0D5A-458E-AA45-8F312B1F37F3} = {D6082274-DF4A-455D-9EF3-090C74BC96A1}
	EndGlobalSection
EndGlobal
