
Microsoft Visual Studio Solution File, Format Version 12.00
# Visual Studio Version 16
VisualStudioVersion = 16.0.31129.286
MinimumVisualStudioVersion = 15.0.26124.0
Project("{9A19103F-16F7-4668-BE54-9A1E7A4F7556}") = "Microsoft.Azure.WebJobs.Extensions.SignalRService", "..\..\..\src\SignalRServiceExtension\Microsoft.Azure.WebJobs.Extensions.SignalRService.csproj", "{19DCC73F-1DC4-4C14-9806-B810867971AA}"
EndProject
Project("{9A19103F-16F7-4668-BE54-9A1E7A4F7556}") = "bidirectional-chat", "bidirectional-chat.csproj", "{5B5C2B1E-DB28-4020-9BE6-F1DB2C78D2F7}"
EndProject
Global
	GlobalSection(SolutionConfigurationPlatforms) = preSolution
		Debug|Any CPU = Debug|Any CPU
		Debug|x64 = Debug|x64
		Debug|x86 = Debug|x86
		Release|Any CPU = Release|Any CPU
		Release|x64 = Release|x64
		Release|x86 = Release|x86
	EndGlobalSection
	GlobalSection(ProjectConfigurationPlatforms) = postSolution
		{19DCC73F-1DC4-4C14-9806-B810867971AA}.Debug|Any CPU.ActiveCfg = Debug|Any CPU
		{19DCC73F-1DC4-4C14-9806-B810867971AA}.Debug|Any CPU.Build.0 = Debug|Any CPU
		{19DCC73F-1DC4-4C14-9806-B810867971AA}.Debug|x64.ActiveCfg = Debug|Any CPU
		{19DCC73F-1DC4-4C14-9806-B810867971AA}.Debug|x64.Build.0 = Debug|Any CPU
		{19DCC73F-1DC4-4C14-9806-B810867971AA}.Debug|x86.ActiveCfg = Debug|Any CPU
		{19DCC73F-1DC4-4C14-9806-B810867971AA}.Debug|x86.Build.0 = Debug|Any CPU
		{19DCC73F-1DC4-4C14-9806-B810867971AA}.Release|Any CPU.ActiveCfg = Release|Any CPU
		{19DCC73F-1DC4-4C14-9806-B810867971AA}.Release|Any CPU.Build.0 = Release|Any CPU
		{19DCC73F-1DC4-4C14-9806-B810867971AA}.Release|x64.ActiveCfg = Release|Any CPU
		{19DCC73F-1DC4-4C14-9806-B810867971AA}.Release|x64.Build.0 = Release|Any CPU
		{19DCC73F-1DC4-4C14-9806-B810867971AA}.Release|x86.ActiveCfg = Release|Any CPU
		{19DCC73F-1DC4-4C14-9806-B810867971AA}.Release|x86.Build.0 = Release|Any CPU
		{5B5C2B1E-DB28-4020-9BE6-F1DB2C78D2F7}.Debug|Any CPU.ActiveCfg = Debug|Any CPU
		{5B5C2B1E-DB28-4020-9BE6-F1DB2C78D2F7}.Debug|Any CPU.Build.0 = Debug|Any CPU
		{5B5C2B1E-DB28-4020-9BE6-F1DB2C78D2F7}.Debug|x64.ActiveCfg = Debug|Any CPU
		{5B5C2B1E-DB28-4020-9BE6-F1DB2C78D2F7}.Debug|x64.Build.0 = Debug|Any CPU
		{5B5C2B1E-DB28-4020-9BE6-F1DB2C78D2F7}.Debug|x86.ActiveCfg = Debug|Any CPU
		{5B5C2B1E-DB28-4020-9BE6-F1DB2C78D2F7}.Debug|x86.Build.0 = Debug|Any CPU
		{5B5C2B1E-DB28-4020-9BE6-F1DB2C78D2F7}.Release|Any CPU.ActiveCfg = Release|Any CPU
		{5B5C2B1E-DB28-4020-9BE6-F1DB2C78D2F7}.Release|Any CPU.Build.0 = Release|Any CPU
		{5B5C2B1E-DB28-4020-9BE6-F1DB2C78D2F7}.Release|x64.ActiveCfg = Release|Any CPU
		{5B5C2B1E-DB28-4020-9BE6-F1DB2C78D2F7}.Release|x64.Build.0 = Release|Any CPU
		{5B5C2B1E-DB28-4020-9BE6-F1DB2C78D2F7}.Release|x86.ActiveCfg = Release|Any CPU
		{5B5C2B1E-DB28-4020-9BE6-F1DB2C78D2F7}.Release|x86.Build.0 = Release|Any CPU
	EndGlobalSection
	GlobalSection(SolutionProperties) = preSolution
		HideSolutionNode = FALSE
	EndGlobalSection
	GlobalSection(ExtensibilityGlobals) = postSolution
		SolutionGuid = {9322D025-6C85-492D-B649-FD53D1FFB361}
	EndGlobalSection
EndGlobal
