
Microsoft Visual Studio Solution File, Format Version 12.00
# Visual Studio Version 16
VisualStudioVersion = 16.0.31025.194
MinimumVisualStudioVersion = 15.0.26124.0
Project("{9A19103F-16F7-4668-BE54-9A1E7A4F7556}") = "Microsoft.Azure.Webjobs.Extensions.SignalRService.E2ETests", "Microsoft.Azure.Webjobs.Extensions.SignalRService.E2ETests\Microsoft.Azure.Webjobs.Extensions.SignalRService.E2ETests.csproj", "{A85CB311-E9CA-4FD9-A4B2-8DA7D15DF49F}"
EndProject
Project("{2150E333-8FDC-42A3-9474-1A3956D46DE8}") = "Solution Items", "Solution Items", "{D071EC0C-37A9-41C3-AB77-DABBC102C7F0}"
	ProjectSection(SolutionItems) = preProject
		..\..\azure-signalr\.editorconfig = ..\..\azure-signalr\.editorconfig
		appsettings.json = appsettings.json
		..\build\dependencies.props = ..\build\dependencies.props
		Directory.Build.props = Directory.Build.props
		nuget.config = nuget.config
	EndProjectSection
EndProject
Project("{9A19103F-16F7-4668-BE54-9A1E7A4F7556}") = "Microsoft.Azure.WebJobs.Extensions.SignalRService", "..\src\SignalRServiceExtension\Microsoft.Azure.WebJobs.Extensions.SignalRService.csproj", "{0A86BF76-0FDC-4EEB-B8D3-876C69F0BC43}"
EndProject
Project("{2150E333-8FDC-42A3-9474-1A3956D46DE8}") = "Functions", "Functions", "{946383B3-1FA1-4D78-AEC5-9A7EB7AAC673}"
EndProject
Project("{2150E333-8FDC-42A3-9474-1A3956D46DE8}") = "simple-chat", "simple-chat", "{3A7202DD-BB34-4D17-99A9-7E461F6B9C04}"
EndProject
Project("{9A19103F-16F7-4668-BE54-9A1E7A4F7556}") = "SimpleChatV3", "functions\simple-chat\csharp\SimpleChatV3.csproj", "{CC61B048-1C01-4B8A-B588-6A487224B219}"
EndProject
Global
	GlobalSection(SolutionConfigurationPlatforms) = preSolution
		Debug|Any CPU = Debug|Any CPU
		Debug|x64 = Debug|x64
		Debug|x86 = Debug|x86
		Release|Any CPU = Release|Any CPU
		Release|x64 = Release|x64
		Release|x86 = Release|x86
	EndGlobalSection
	GlobalSection(ProjectConfigurationPlatforms) = postSolution
		{A85CB311-E9CA-4FD9-A4B2-8DA7D15DF49F}.Debug|Any CPU.ActiveCfg = Debug|Any CPU
		{A85CB311-E9CA-4FD9-A4B2-8DA7D15DF49F}.Debug|Any CPU.Build.0 = Debug|Any CPU
		{A85CB311-E9CA-4FD9-A4B2-8DA7D15DF49F}.Debug|x64.ActiveCfg = Debug|Any CPU
		{A85CB311-E9CA-4FD9-A4B2-8DA7D15DF49F}.Debug|x64.Build.0 = Debug|Any CPU
		{A85CB311-E9CA-4FD9-A4B2-8DA7D15DF49F}.Debug|x86.ActiveCfg = Debug|Any CPU
		{A85CB311-E9CA-4FD9-A4B2-8DA7D15DF49F}.Debug|x86.Build.0 = Debug|Any CPU
		{A85CB311-E9CA-4FD9-A4B2-8DA7D15DF49F}.Release|Any CPU.ActiveCfg = Release|Any CPU
		{A85CB311-E9CA-4FD9-A4B2-8DA7D15DF49F}.Release|Any CPU.Build.0 = Release|Any CPU
		{A85CB311-E9CA-4FD9-A4B2-8DA7D15DF49F}.Release|x64.ActiveCfg = Release|Any CPU
		{A85CB311-E9CA-4FD9-A4B2-8DA7D15DF49F}.Release|x64.Build.0 = Release|Any CPU
		{A85CB311-E9CA-4FD9-A4B2-8DA7D15DF49F}.Release|x86.ActiveCfg = Release|Any CPU
		{A85CB311-E9CA-4FD9-A4B2-8DA7D15DF49F}.Release|x86.Build.0 = Release|Any CPU
		{0A86BF76-0FDC-4EEB-B8D3-876C69F0BC43}.Debug|Any CPU.ActiveCfg = Debug|Any CPU
		{0A86BF76-0FDC-4EEB-B8D3-876C69F0BC43}.Debug|Any CPU.Build.0 = Debug|Any CPU
		{0A86BF76-0FDC-4EEB-B8D3-876C69F0BC43}.Debug|x64.ActiveCfg = Debug|Any CPU
		{0A86BF76-0FDC-4EEB-B8D3-876C69F0BC43}.Debug|x64.Build.0 = Debug|Any CPU
		{0A86BF76-0FDC-4EEB-B8D3-876C69F0BC43}.Debug|x86.ActiveCfg = Debug|Any CPU
		{0A86BF76-0FDC-4EEB-B8D3-876C69F0BC43}.Debug|x86.Build.0 = Debug|Any CPU
		{0A86BF76-0FDC-4EEB-B8D3-876C69F0BC43}.Release|Any CPU.ActiveCfg = Release|Any CPU
		{0A86BF76-0FDC-4EEB-B8D3-876C69F0BC43}.Release|Any CPU.Build.0 = Release|Any CPU
		{0A86BF76-0FDC-4EEB-B8D3-876C69F0BC43}.Release|x64.ActiveCfg = Release|Any CPU
		{0A86BF76-0FDC-4EEB-B8D3-876C69F0BC43}.Release|x64.Build.0 = Release|Any CPU
		{0A86BF76-0FDC-4EEB-B8D3-876C69F0BC43}.Release|x86.ActiveCfg = Release|Any CPU
		{0A86BF76-0FDC-4EEB-B8D3-876C69F0BC43}.Release|x86.Build.0 = Release|Any CPU
		{CC61B048-1C01-4B8A-B588-6A487224B219}.Debug|Any CPU.ActiveCfg = Debug|Any CPU
		{CC61B048-1C01-4B8A-B588-6A487224B219}.Debug|Any CPU.Build.0 = Debug|Any CPU
		{CC61B048-1C01-4B8A-B588-6A487224B219}.Debug|x64.ActiveCfg = Debug|Any CPU
		{CC61B048-1C01-4B8A-B588-6A487224B219}.Debug|x64.Build.0 = Debug|Any CPU
		{CC61B048-1C01-4B8A-B588-6A487224B219}.Debug|x86.ActiveCfg = Debug|Any CPU
		{CC61B048-1C01-4B8A-B588-6A487224B219}.Debug|x86.Build.0 = Debug|Any CPU
		{CC61B048-1C01-4B8A-B588-6A487224B219}.Release|Any CPU.ActiveCfg = Release|Any CPU
		{CC61B048-1C01-4B8A-B588-6A487224B219}.Release|Any CPU.Build.0 = Release|Any CPU
		{CC61B048-1C01-4B8A-B588-6A487224B219}.Release|x64.ActiveCfg = Release|Any CPU
		{CC61B048-1C01-4B8A-B588-6A487224B219}.Release|x64.Build.0 = Release|Any CPU
		{CC61B048-1C01-4B8A-B588-6A487224B219}.Release|x86.ActiveCfg = Release|Any CPU
		{CC61B048-1C01-4B8A-B588-6A487224B219}.Release|x86.Build.0 = Release|Any CPU
	EndGlobalSection
	GlobalSection(SolutionProperties) = preSolution
		HideSolutionNode = FALSE
	EndGlobalSection
	GlobalSection(NestedProjects) = preSolution
		{3A7202DD-BB34-4D17-99A9-7E461F6B9C04} = {946383B3-1FA1-4D78-AEC5-9A7EB7AAC673}
		{CC61B048-1C01-4B8A-B588-6A487224B219} = {3A7202DD-BB34-4D17-99A9-7E461F6B9C04}
	EndGlobalSection
	GlobalSection(ExtensibilityGlobals) = postSolution
		SolutionGuid = {32D1DCBE-5F8B-4FA6-9984-15D74FD4D670}
	EndGlobalSection
EndGlobal
