
Microsoft Visual Studio Solution File, Format Version 12.00
# Visual Studio Version 16
VisualStudioVersion = 16.0.31005.135
MinimumVisualStudioVersion = 15.0.26124.0
Project("{9A19103F-16F7-4668-BE54-9A1E7A4F7556}") = "Microsoft.Azure.WebJobs.Extensions.SignalRService", "..\..\..\..\src\SignalRServiceExtension\Microsoft.Azure.WebJobs.Extensions.SignalRService.csproj", "{A333298C-419B-4565-8379-97F5E90106C5}"
EndProject
Project("{FAE04EC0-301F-11D3-BF4B-00C04F79EFBC}") = "FunctionAppV3", "FunctionAppV3.csproj", "{275D61E8-6675-4CB9-A0F2-2933FB4FEBE0}"
EndProject
Global
	GlobalSection(SolutionConfigurationPlatforms) = preSolution
		Debug|Any CPU = Debug|Any CPU
		Debug|x64 = Debug|x64
		Debug|x86 = Debug|x86
		Release|Any CPU = Release|Any CPU
		Release|x64 = Release|x64
		Release|x86 = Release|x86
	EndGlobalSection
	GlobalSection(ProjectConfigurationPlatforms) = postSolution
		{A333298C-419B-4565-8379-97F5E90106C5}.Debug|Any CPU.ActiveCfg = Debug|Any CPU
		{A333298C-419B-4565-8379-97F5E90106C5}.Debug|Any CPU.Build.0 = Debug|Any CPU
		{A333298C-419B-4565-8379-97F5E90106C5}.Debug|x64.ActiveCfg = Debug|Any CPU
		{A333298C-419B-4565-8379-97F5E90106C5}.Debug|x64.Build.0 = Debug|Any CPU
		{A333298C-419B-4565-8379-97F5E90106C5}.Debug|x86.ActiveCfg = Debug|Any CPU
		{A333298C-419B-4565-8379-97F5E90106C5}.Debug|x86.Build.0 = Debug|Any CPU
		{A333298C-419B-4565-8379-97F5E90106C5}.Release|Any CPU.ActiveCfg = Release|Any CPU
		{A333298C-419B-4565-8379-97F5E90106C5}.Release|Any CPU.Build.0 = Release|Any CPU
		{A333298C-419B-4565-8379-97F5E90106C5}.Release|x64.ActiveCfg = Release|Any CPU
		{A333298C-419B-4565-8379-97F5E90106C5}.Release|x64.Build.0 = Release|Any CPU
		{A333298C-419B-4565-8379-97F5E90106C5}.Release|x86.ActiveCfg = Release|Any CPU
		{A333298C-419B-4565-8379-97F5E90106C5}.Release|x86.Build.0 = Release|Any CPU
		{275D61E8-6675-4CB9-A0F2-2933FB4FEBE0}.Debug|Any CPU.ActiveCfg = Debug|Any CPU
		{275D61E8-6675-4CB9-A0F2-2933FB4FEBE0}.Debug|Any CPU.Build.0 = Debug|Any CPU
		{275D61E8-6675-4CB9-A0F2-2933FB4FEBE0}.Debug|x64.ActiveCfg = Debug|Any CPU
		{275D61E8-6675-4CB9-A0F2-2933FB4FEBE0}.Debug|x64.Build.0 = Debug|Any CPU
		{275D61E8-6675-4CB9-A0F2-2933FB4FEBE0}.Debug|x86.ActiveCfg = Debug|Any CPU
		{275D61E8-6675-4CB9-A0F2-2933FB4FEBE0}.Debug|x86.Build.0 = Debug|Any CPU
		{275D61E8-6675-4CB9-A0F2-2933FB4FEBE0}.Release|Any CPU.ActiveCfg = Release|Any CPU
		{275D61E8-6675-4CB9-A0F2-2933FB4FEBE0}.Release|Any CPU.Build.0 = Release|Any CPU
		{275D61E8-6675-4CB9-A0F2-2933FB4FEBE0}.Release|x64.ActiveCfg = Release|Any CPU
		{275D61E8-6675-4CB9-A0F2-2933FB4FEBE0}.Release|x64.Build.0 = Release|Any CPU
		{275D61E8-6675-4CB9-A0F2-2933FB4FEBE0}.Release|x86.ActiveCfg = Release|Any CPU
		{275D61E8-6675-4CB9-A0F2-2933FB4FEBE0}.Release|x86.Build.0 = Release|Any CPU
	EndGlobalSection
	GlobalSection(SolutionProperties) = preSolution
		HideSolutionNode = FALSE
	EndGlobalSection
	GlobalSection(ExtensibilityGlobals) = postSolution
		SolutionGuid = {E2410B0A-B586-45B9-9C24-6FA665F25FDC}
	EndGlobalSection
EndGlobal
